
Microsoft Visual Studio Solution File, Format Version 12.00
# Visual Studio Version 17
VisualStudioVersion = 17.3.32929.385
MinimumVisualStudioVersion = 10.0.40219.1
Project("{9A19103F-16F7-4668-BE54-9A1E7A4F7556}") = "C8N5NZ_HFT_2022231.Client", "C8N5NZ_HFT_2022231.Client\C8N5NZ_HFT_2022231.Client.csproj", "{7C1FBF80-4196-4DE7-999B-B151BD33AEB0}"
EndProject
Project("{9A19103F-16F7-4668-BE54-9A1E7A4F7556}") = "C8N5NZ_HFT_2022231.Models", "C8N5NZ_HFT_2022231.Models\C8N5NZ_HFT_2022231.Models.csproj", "{55EC2E64-938D-486A-AEFB-52B488BDF885}"
EndProject
Project("{9A19103F-16F7-4668-BE54-9A1E7A4F7556}") = "C8N5NZ_HFT_2022231.Repository", "C8N5NZ_HFT_2022231.Repository\C8N5NZ_HFT_2022231.Repository.csproj", "{AD4641D0-8BD1-4AA6-9FD8-3F61E8614066}"
EndProject
Project("{9A19103F-16F7-4668-BE54-9A1E7A4F7556}") = "C8N5NZ_HFT_2022231.Logic", "C8N5NZ_HFT_2022231.Logic\C8N5NZ_HFT_2022231.Logic.csproj", "{E784A7AB-979A-4072-802E-073057ABD2F9}"
EndProject
Project("{9A19103F-16F7-4668-BE54-9A1E7A4F7556}") = "C8N5NZ_HFT_2022231.Test", "C8N5NZ_HFT_2022231.Test\C8N5NZ_HFT_2022231.Test.csproj", "{993AB8B7-E8C3-4E7C-8402-AE3E7B66A61D}"
EndProject
Project("{9A19103F-16F7-4668-BE54-9A1E7A4F7556}") = "C8N5NZ_HFT_2022231.Endpoint", "C8N5NZ_HFT_2022231.Endpoint\C8N5NZ_HFT_2022231.Endpoint.csproj", "{2FA16098-DA09-4C71-AB31-53DCB9A90462}"
EndProject
Project("{2150E333-8FDC-42A3-9474-1A3956D46DE8}") = "Backend", "Backend", "{815C85BD-0309-4547-B101-972E281930A9}"
EndProject
Project("{2150E333-8FDC-42A3-9474-1A3956D46DE8}") = "Frontend", "Frontend", "{6832BB5C-E5FF-4298-9E9A-ACCFA844BF84}"
EndProject
Project("{2150E333-8FDC-42A3-9474-1A3956D46DE8}") = "Shared", "Shared", "{6A54DCAB-E02A-4987-84CE-31E38A6F63CA}"
EndProject
Global
	GlobalSection(SolutionConfigurationPlatforms) = preSolution
		Debug|Any CPU = Debug|Any CPU
		Release|Any CPU = Release|Any CPU
	EndGlobalSection
	GlobalSection(ProjectConfigurationPlatforms) = postSolution
		{7C1FBF80-4196-4DE7-999B-B151BD33AEB0}.Debug|Any CPU.ActiveCfg = Debug|Any CPU
		{7C1FBF80-4196-4DE7-999B-B151BD33AEB0}.Debug|Any CPU.Build.0 = Debug|Any CPU
		{7C1FBF80-4196-4DE7-999B-B151BD33AEB0}.Release|Any CPU.ActiveCfg = Release|Any CPU
		{7C1FBF80-4196-4DE7-999B-B151BD33AEB0}.Release|Any CPU.Build.0 = Release|Any CPU
		{55EC2E64-938D-486A-AEFB-52B488BDF885}.Debug|Any CPU.ActiveCfg = Debug|Any CPU
		{55EC2E64-938D-486A-AEFB-52B488BDF885}.Debug|Any CPU.Build.0 = Debug|Any CPU
		{55EC2E64-938D-486A-AEFB-52B488BDF885}.Release|Any CPU.ActiveCfg = Release|Any CPU
		{55EC2E64-938D-486A-AEFB-52B488BDF885}.Release|Any CPU.Build.0 = Release|Any CPU
		{AD4641D0-8BD1-4AA6-9FD8-3F61E8614066}.Debug|Any CPU.ActiveCfg = Debug|Any CPU
		{AD4641D0-8BD1-4AA6-9FD8-3F61E8614066}.Debug|Any CPU.Build.0 = Debug|Any CPU
		{AD4641D0-8BD1-4AA6-9FD8-3F61E8614066}.Release|Any CPU.ActiveCfg = Release|Any CPU
		{AD4641D0-8BD1-4AA6-9FD8-3F61E8614066}.Release|Any CPU.Build.0 = Release|Any CPU
		{E784A7AB-979A-4072-802E-073057ABD2F9}.Debug|Any CPU.ActiveCfg = Debug|Any CPU
		{E784A7AB-979A-4072-802E-073057ABD2F9}.Debug|Any CPU.Build.0 = Debug|Any CPU
		{E784A7AB-979A-4072-802E-073057ABD2F9}.Release|Any CPU.ActiveCfg = Release|Any CPU
		{E784A7AB-979A-4072-802E-073057ABD2F9}.Release|Any CPU.Build.0 = Release|Any CPU
		{993AB8B7-E8C3-4E7C-8402-AE3E7B66A61D}.Debug|Any CPU.ActiveCfg = Debug|Any CPU
		{993AB8B7-E8C3-4E7C-8402-AE3E7B66A61D}.Debug|Any CPU.Build.0 = Debug|Any CPU
		{993AB8B7-E8C3-4E7C-8402-AE3E7B66A61D}.Release|Any CPU.ActiveCfg = Release|Any CPU
		{993AB8B7-E8C3-4E7C-8402-AE3E7B66A61D}.Release|Any CPU.Build.0 = Release|Any CPU
		{2FA16098-DA09-4C71-AB31-53DCB9A90462}.Debug|Any CPU.ActiveCfg = Debug|Any CPU
		{2FA16098-DA09-4C71-AB31-53DCB9A90462}.Debug|Any CPU.Build.0 = Debug|Any CPU
		{2FA16098-DA09-4C71-AB31-53DCB9A90462}.Release|Any CPU.ActiveCfg = Release|Any CPU
		{2FA16098-DA09-4C71-AB31-53DCB9A90462}.Release|Any CPU.Build.0 = Release|Any CPU
	EndGlobalSection
	GlobalSection(SolutionProperties) = preSolution
		HideSolutionNode = FALSE
	EndGlobalSection
	GlobalSection(NestedProjects) = preSolution
		{7C1FBF80-4196-4DE7-999B-B151BD33AEB0} = {6832BB5C-E5FF-4298-9E9A-ACCFA844BF84}
		{55EC2E64-938D-486A-AEFB-52B488BDF885} = {6A54DCAB-E02A-4987-84CE-31E38A6F63CA}
		{AD4641D0-8BD1-4AA6-9FD8-3F61E8614066} = {815C85BD-0309-4547-B101-972E281930A9}
		{E784A7AB-979A-4072-802E-073057ABD2F9} = {815C85BD-0309-4547-B101-972E281930A9}
		{993AB8B7-E8C3-4E7C-8402-AE3E7B66A61D} = {815C85BD-0309-4547-B101-972E281930A9}
		{2FA16098-DA09-4C71-AB31-53DCB9A90462} = {815C85BD-0309-4547-B101-972E281930A9}
	EndGlobalSection
	GlobalSection(ExtensibilityGlobals) = postSolution
		SolutionGuid = {3652CE07-0BF3-4AC3-9CAE-DCAD8F53B1C5}
	EndGlobalSection
EndGlobal
